{
  "lockfileVersion": 1,
  "packages": {
    "https://github.com/brekk/gambit/archive/refs/tags/v0.0.2.zip": {
      "buildHash": "ee3b691384ac128b0479c8a231b0b877",
      "dependencies": [],
      "name": "gambit",
      "version": "0.0.2",
      "versionHash": "f9df19c8ed7b93c9843bcaef9576a042"
    },
    "https://github.com/brekk/party-bus/archive/refs/tags/v0.0.8.zip": {
      "buildHash": "ad6a150dbb2bb6f34cd39215b973d98b",
      "dependencies": [
        "https://github.com/brekk/dye/archive/refs/tags/v0.0.10.zip",
        "https://github.com/brekk/study/archive/refs/tags/v0.0.3.zip"
      ],
      "name": "PartyBus",
      "version": "0.0.8",
      "versionHash": "03afcd24d3b7852bdef203bc34360409"
    },
    "https://github.com/brekk/study/archive/refs/tags/v0.0.6.zip": {
      "buildHash": "ea22d1b4088f66d9160d10e6d0079eb7",
      "dependencies": [],
      "name": "study",
      "version": "0.0.6",
      "versionHash": "cf12946e6e3b4847d54e3b71a38c6145"
    }
  }
}