{
  "buildHash": "0a1a1e0e368a872a8992dd43e8a7049a",
  "jsApi": {
    "apiInstances": [],
    "apiAliases": {
      "TransitionModifiers pay ctx": "(List (TransitionModifier pay ctx))",
      "ReducerFn pay ctx": "(String -> pay -> Maybe ctx -> Maybe ctx)",
      "ControllerFn pay ctx": "(String -> Machine pay ctx -> Stateish pay ctx -> Either (Stateish pay ctx) (Stateish pay ctx))",
      "Stateish pay ctx": "(Maybe (State pay ctx))",
      "ActionFn pay ctx": "(String -> pay -> Maybe ctx -> {})",
      "Transitions pay ctx": "(List (Transition pay ctx))",
      "GuardianFn pay ctx": "(String -> pay -> Maybe ctx -> Boolean)"
    },
    "apiInterfaces": {},
    "apiNames": {},
    "apiTypes": {
      "Controller pay ctx": [
        "InvalidController String (Machine pay ctx) (Set String)",
        "Controller (Maybe ctx) (Machine pay ctx) (Stateish pay ctx) (ControllerFn pay ctx)"
      ],
      "Transition pay ctx": [
        "Transition TransitionPath (TransitionModifiers pay ctx)",
        "ImmediateTransition TransitionPath (TransitionModifiers pay ctx)"
      ],
      "Machine pay ctx": [
        "Machine String (List (State pay ctx)) (Maybe (State pay ctx))"
      ],
      "TransitionModifier pay ctx": [
        "Guard (GuardianFn pay ctx)",
        "Action (ActionFn pay ctx)",
        "PostAction (ActionFn pay ctx)",
        "Reducer (ReducerFn pay ctx)",
        "InvalidModifier String"
      ],
      "TransitionPath": [
        "TransitionPath String String",
        "ImmediatePath String"
      ],
      "State pay ctx": [
        "State String (List (Transition pay ctx))",
        "FinalState String"
      ]
    }
  },
  "llvmApi": {
    "apiInstances": [],
    "apiAliases": {
      "TransitionModifiers pay ctx": "(List (TransitionModifier pay ctx))",
      "ReducerFn pay ctx": "(String -> pay -> Maybe ctx -> Maybe ctx)",
      "ControllerFn pay ctx": "(String -> Machine pay ctx -> Stateish pay ctx -> Either (Stateish pay ctx) (Stateish pay ctx))",
      "Stateish pay ctx": "(Maybe (State pay ctx))",
      "ActionFn pay ctx": "(String -> pay -> Maybe ctx -> {})",
      "Transitions pay ctx": "(List (Transition pay ctx))",
      "GuardianFn pay ctx": "(String -> pay -> Maybe ctx -> Boolean)"
    },
    "apiInterfaces": {},
    "apiNames": {},
    "apiTypes": {
      "Controller pay ctx": [
        "InvalidController String (Machine pay ctx) (Set String)",
        "Controller (Maybe ctx) (Machine pay ctx) (Stateish pay ctx) (ControllerFn pay ctx)"
      ],
      "Transition pay ctx": [
        "Transition TransitionPath (TransitionModifiers pay ctx)",
        "ImmediateTransition TransitionPath (TransitionModifiers pay ctx)"
      ],
      "Machine pay ctx": [
        "Machine String (List (State pay ctx)) (Maybe (State pay ctx))"
      ],
      "TransitionModifier pay ctx": [
        "Guard (GuardianFn pay ctx)",
        "Action (ActionFn pay ctx)",
        "PostAction (ActionFn pay ctx)",
        "Reducer (ReducerFn pay ctx)",
        "InvalidModifier String"
      ],
      "TransitionPath": [
        "TransitionPath String String",
        "ImmediatePath String"
      ],
      "State pay ctx": [
        "State String (List (Transition pay ctx))",
        "FinalState String"
      ]
    }
  },
  "versionHash": "25e64aa754c310d45c1e084d574c1bb0"
}
