{
  "buildHash": "e790f0586796c419db4938e0e17c4f66",
  "jsApi": {
    "apiInstances": [],
    "apiAliases": {
      "src/Interpreter.mad#Stateish pay ctx": "(Maybe (State pay ctx))",
      "src/Stream.mad#StreamController err pay ctx": "{ cancel :: {} -> {}, events :: {} -> List (MachineEvent err pay) }"
    },
    "apiInterfaces": {},
    "apiNames": {
      "src/Machine.mad#eventMap": "Machine a b -> Dictionary String (Dictionary String String)",
      "setMachine": "Machine a b -> Controller a b -> Controller a b",
      "src/Transition.mad#toSimplePair": "CTransition a b -> #[String, String]",
      "noStates": "Machine a b -> Boolean",
      "transitions": "State a b -> List (CTransition a b)",
      "src/Interpreter.mad#fling": "String -> Controller (Maybe a) b -> Controller (Maybe a) b",
      "applyActionsToContext": "a -> Maybe b -> String -> Maybe (State a b) -> Maybe b",
      "transitionToPair": "Transition -> #[String, String]",
      "reduce": "String -> a -> Maybe b -> ActionReducer a b -> Maybe b",
      "stepWithPayload": "Maybe a -> Machine b a -> Maybe (State b a) -> String -> b -> Maybe (State b a)",
      "name": "Machine a b -> String",
      "createTransition": "String -> String -> Transition",
      "src/Interpreter.mad#initialControl": "(Eq a, Show a) => Maybe a -> Machine b a -> Controller b a",
      "src/Machine.mad#complete": "Machine a b -> Boolean",
      "src/Transition.mad#create": "String -> String -> Transition",
      "src/Transition.mad#target": "Transition -> String",
      "src/Transition.mad#toPair": "Transition -> #[String, String]",
      "src/State.mad#isFinal": "State a b -> Boolean",
      "src/Interpreter.mad#step": "String -> String -> Machine a b -> Maybe (State a b)",
      "focus": "CTransition a b -> String",
      "src/Transition.mad#checkGuard": "String -> a -> Maybe b -> CTransition a b -> Boolean",
      "src/Transition.mad#reducers": "CTransition a b -> List (ActionReducer a b)",
      "src/State.mad#create": "String -> List (CTransition a b) -> State a b",
      "createComplex": "String -> String -> List (Action a b) -> List (Guard a b) -> List (ActionReducer a b) -> CTransition a b",
      "src/Stream.mad#makeMachineStream": "Show a => Controller a b -> #[String -> a -> {}, Stream c String]",
      "src/Interpreter.mad#state": "Controller a b -> Maybe (State a b)",
      "src/State.mad#createFinal": "String -> State a b",
      "src/Machine.mad#hasState": "String -> Machine a b -> Boolean",
      "send": "String -> a -> Controller a b -> Controller a b",
      "findIncomplete": "Machine a b -> Set String",
      "src/Stream.mad#subscribeToMachine": "Stream a b -> (a -> {}) -> (b -> {}) -> { cancel :: {} -> {}, events :: {} -> List (MachineEvent a b) }",
      "src/Guard.mad#create": "Show (Guard a b) => (String -> a -> Maybe b -> Boolean) -> Guard a b",
      "src/Machine.mad#name": "Machine a b -> String",
      "src/Transition.mad#checkMany": "String -> a -> Maybe b -> List (CTransition a b) -> Boolean",
      "invoke": "String -> a -> Maybe b -> Action a b -> {}",
      "src/Interpreter.mad#setContext": "Maybe a -> Controller b a -> Controller b a",
      "subscribeToStreamWithCollectorAndInitial": "Stream a b -> List (MachineEvent a b) -> (MachineEvent a b -> List (MachineEvent a b) -> List (MachineEvent a b)) -> (a -> {}) -> (b -> {}) -> { cancel :: {} -> {}, events :: {} -> List (MachineEvent a b) }",
      "src/Interpreter.mad#safeCreate": "(Show a, Eq a) => Maybe a -> Machine b a -> Controller b a",
      "src/Transition.mad#focus": "CTransition a b -> String",
      "src/Machine.mad#events": "Machine a b -> Set String",
      "subscribeToMachine": "Stream a b -> (a -> {}) -> (b -> {}) -> { cancel :: {} -> {}, events :: {} -> List (MachineEvent a b) }",
      "src/State.mad#transitions": "State a b -> List (CTransition a b)",
      "src/Interpreter.mad#machine": "Controller a b -> Machine a b",
      "state": "Machine a b -> Maybe (State a b)",
      "src/Machine.mad#state": "Machine a b -> Maybe (State a b)",
      "reducers": "CTransition a b -> List (ActionReducer a b)",
      "createFinal": "String -> State a b",
      "src/Interpreter.mad#setState": "Maybe (State a b) -> Controller a b -> Controller a b",
      "src/Interpreter.mad#setMachine": "Machine a b -> Controller a b -> Controller a b",
      "complete": "Machine a b -> Boolean",
      "src/Machine.mad#rawStates": "Machine a b -> List (State a b)",
      "src/State.mad#toPair": "State a b -> #[String, List (CTransition a b)]",
      "context": "Controller a b -> Maybe b",
      "src/Stream.mad#subscribeToStreamWithCollectorAndInitial": "(Show a, Eq a) => Stream b c -> List (MachineEvent b c) -> (MachineEvent b c -> List (MachineEvent b c) -> List (MachineEvent b c)) -> (b -> {}) -> (c -> {}) -> { cancel :: {} -> {}, events :: {} -> List (MachineEvent b c) }",
      "target": "Transition -> String",
      "stateName": "State a b -> String",
      "interpreterState": "Controller a b -> Maybe (State a b)",
      "guards": "CTransition a b -> List (Guard a b)",
      "machine": "Controller a b -> Machine a b",
      "createGuard": "Show (Guard a b) => (String -> a -> Maybe b -> Boolean) -> Guard a b",
      "check": "String -> a -> Maybe b -> Guard a b -> Boolean",
      "transition": "CTransition a b -> Transition",
      "src/Log.mad#tags": "{ event :: Tag, guard :: Tag, interpreter :: Tag, machine :: Tag, main :: Tag, state :: Tag, stream :: Tag, streamEvent :: Tag, transition :: Tag, utter :: Tag }",
      "stateIsFinal": "State a b -> Boolean",
      "src/Transition.mad#name": "CTransition a b -> String",
      "machineIsFinal": "Machine a b -> Boolean",
      "setState": "Maybe (State a b) -> Controller a b -> Controller a b",
      "src/Machine.mad#destinations": "Machine a b -> Set String",
      "src/Machine.mad#isFinal": "Machine a b -> Boolean",
      "src/Interpreter.mad#create": "(Show a, Eq a) => Maybe a -> Machine b a -> Controller b a",
      "createComplexTransition": "String -> String -> List (Action a b) -> List (Guard a b) -> List (ActionReducer a b) -> CTransition a b",
      "step": "String -> String -> Machine a b -> Maybe (State a b)",
      "src/Transition.mad#makeComplex": "Transition -> CTransition a b",
      "stateFromEvent": "Dictionary String (Dictionary String String) -> List (State a b) -> String -> String -> Maybe (State a b)",
      "createInterpreter": "(Eq a, Show a) => Maybe a -> Machine b a -> Controller b a",
      "toSimplePair": "CTransition a b -> #[String, String]",
      "src/Transition.mad#transition": "CTransition a b -> Transition",
      "src/Machine.mad#hasEvent": "String -> Machine a b -> Boolean",
      "nameMatches": "String -> State a b -> Boolean",
      "src/Log.mad#env": "(Show a, Show b, Show c, Show d, Show e, Show f, Show g, Show h, Show i, Show j) => { event :: String -> i -> i, guard :: String -> h -> h, interpreter :: String -> d -> d, machine :: String -> g -> g, main :: String -> a -> a, state :: String -> f -> f, stream :: String -> c -> c, streamEvent :: String -> b -> b, transition :: String -> e -> e, utter :: String -> j -> j }",
      "src/Interpreter.mad#send": "String -> a -> Controller a b -> Controller a b",
      "src/Reducer.mad#reduce": "String -> a -> Maybe b -> ActionReducer a b -> Maybe b",
      "events": "Machine a b -> Set String",
      "src/Guard.mad#check": "String -> a -> Maybe b -> Guard a b -> Boolean",
      "src/Machine.mad#create": "String -> List (State a b) -> Machine a b",
      "rawStates": "Machine a b -> List (State a b)",
      "createBasic": "String -> String -> CTransition a b",
      "event": "Transition -> String",
      "src/Machine.mad#findIncomplete": "Machine a b -> Set String",
      "src/Action.mad#invoke": "String -> a -> Maybe b -> Action a b -> {}",
      "hasState": "String -> Machine a b -> Boolean",
      "createWithContext": "Show (CTransition a b) => String -> String -> List (Action a b) -> List (Guard a b) -> List (ActionReducer a b) -> CTransition a b",
      "transitionName": "CTransition a b -> String",
      "hasEvent": "String -> Machine a b -> Boolean",
      "src/Interpreter.mad#context": "Controller a b -> Maybe b",
      "src/Transition.mad#guards": "CTransition a b -> List (Guard a b)",
      "src/Transition.mad#createComplex": "String -> String -> List (Action a b) -> List (Guard a b) -> List (ActionReducer a b) -> CTransition a b",
      "makeComplex": "Transition -> CTransition a b",
      "destinations": "Machine a b -> Set String",
      "src/Transition.mad#event": "Transition -> String",
      "makeMachineStream": "Show a => Controller a b -> #[String -> a -> {}, Stream c String]",
      "src/Interpreter.mad#noStates": "Machine a b -> Boolean",
      "src/Tuple.mad#mapSnd": "(a -> b) -> #[c, a] -> #[c, b]",
      "checkGuard": "String -> a -> Maybe b -> CTransition a b -> Boolean",
      "fling": "String -> Controller (Maybe a) b -> Controller (Maybe a) b",
      "src/Tuple.mad#mapFst": "(a -> b) -> #[a, c] -> #[b, c]",
      "checkMany": "String -> a -> Maybe b -> List (CTransition a b) -> Boolean",
      "src/Interpreter.mad#applyActionsToContext": "a -> Maybe b -> String -> Maybe (State a b) -> Maybe b",
      "src/Log.mad#tapped": "(Show a, Show b, Show c, Show d, Show e, Show f, Show g, Show h, Show i, Show j) => { event :: String -> (k -> i) -> k -> k, guard :: String -> (l -> h) -> l -> l, interpreter :: String -> (m -> d) -> m -> m, machine :: String -> (n -> g) -> n -> n, main :: String -> (o -> a) -> o -> o, state :: String -> (p -> f) -> p -> p, stream :: String -> (q -> c) -> q -> q, streamEvent :: String -> (r -> b) -> r -> r, transition :: String -> (s -> e) -> s -> s, utter :: String -> (t -> j) -> t -> t }",
      "src/Transition.mad#createWithContext": "Show (CTransition a b) => String -> String -> List (Action a b) -> List (Guard a b) -> List (ActionReducer a b) -> CTransition a b",
      "createState": "String -> List (CTransition a b) -> State a b",
      "createMachine": "String -> List (State a b) -> Machine a b",
      "src/State.mad#nameMatches": "String -> State a b -> Boolean",
      "src/State.mad#name": "State a b -> String",
      "states": "Machine a b -> Set String",
      "safeCreate": "(Eq a, Show a) => Maybe a -> Machine b a -> Controller b a",
      "src/Interpreter.mad#stateFromEvent": "Dictionary String (Dictionary String String) -> List (State a b) -> String -> String -> Maybe (State a b)",
      "initialControl": "(Show a, Eq a) => Maybe a -> Machine b a -> Controller b a",
      "src/Interpreter.mad#stepWithPayload": "Maybe a -> Machine b a -> Maybe (State b a) -> String -> b -> Maybe (State b a)",
      "src/Transition.mad#createBasic": "String -> String -> CTransition a b",
      "toStatePair": "State a b -> #[String, List (CTransition a b)]",
      "src/Machine.mad#states": "Machine a b -> Set String",
      "setContext": "Maybe a -> Controller b a -> Controller b a",
      "src/Transition.mad#actions": "CTransition a b -> List (Action a b)",
      "actions": "CTransition a b -> List (Action a b)",
      "eventMap": "Machine a b -> Dictionary String (Dictionary String String)"
    },
    "apiTypes": {
      "src/Action.mad#Action pay ctx": [
        "Action (String -> pay -> Maybe ctx -> {})"
      ],
      "src/Interpreter.mad#Controller pay ctx": [
        "InvalidController String (Machine pay ctx) (Set String)",
        "Controller (Maybe ctx) (Machine pay ctx) (Stateish pay ctx) (Maybe ctx -> Machine pay ctx -> Stateish pay ctx -> String -> pay -> Stateish pay ctx)"
      ],
      "src/Stream.mad#MachineEvent b g": [
        "MachineEvent g",
        "MachineError b",
        "MachineEnd"
      ],
      "src/Guard.mad#Guard pay ctx": [
        "Guard (String -> pay -> Maybe ctx -> Boolean)"
      ],
      "src/Machine.mad#Machine pay ctx": [
        "Machine String (List (State pay ctx)) (Maybe (State pay ctx))"
      ],
      "src/Transition.mad#Transition": [
        "Transition String String"
      ],
      "src/Transition.mad#CTransition pay ctx": [
        "ComplexTransition Transition (List (Action pay ctx)) (List (Guard pay ctx)) (List (ActionReducer pay ctx))"
      ],
      "src/State.mad#State pay ctx": [
        "State String (List (CTransition pay ctx))",
        "FinalState String"
      ],
      "src/Reducer.mad#ActionReducer pay ctx": [
        "ActionReducer (String -> pay -> Maybe ctx -> Maybe ctx)"
      ]
    }
  },
  "llvmApi": {
    "apiInstances": [],
    "apiAliases": {
      "src/Interpreter.mad#Stateish pay ctx": "(Maybe (State pay ctx))",
      "src/Stream.mad#StreamController err pay ctx": "{ cancel :: {} -> {}, events :: {} -> List (MachineEvent err pay) }"
    },
    "apiInterfaces": {},
    "apiNames": {
      "src/Machine.mad#eventMap": "Machine a b -> Dictionary String (Dictionary String String)",
      "setMachine": "Machine a b -> Controller a b -> Controller a b",
      "src/Transition.mad#toSimplePair": "CTransition a b -> #[String, String]",
      "noStates": "Machine a b -> Boolean",
      "transitions": "State a b -> List (CTransition a b)",
      "src/Interpreter.mad#fling": "String -> Controller (Maybe a) b -> Controller (Maybe a) b",
      "applyActionsToContext": "a -> Maybe b -> String -> Maybe (State a b) -> Maybe b",
      "transitionToPair": "Transition -> #[String, String]",
      "reduce": "String -> a -> Maybe b -> ActionReducer a b -> Maybe b",
      "stepWithPayload": "Maybe a -> Machine b a -> Maybe (State b a) -> String -> b -> Maybe (State b a)",
      "name": "Machine a b -> String",
      "createTransition": "String -> String -> Transition",
      "src/Interpreter.mad#initialControl": "(Eq a, Show a) => Maybe a -> Machine b a -> Controller b a",
      "src/Machine.mad#complete": "Machine a b -> Boolean",
      "src/Transition.mad#create": "String -> String -> Transition",
      "src/Transition.mad#target": "Transition -> String",
      "src/Transition.mad#toPair": "Transition -> #[String, String]",
      "src/State.mad#isFinal": "State a b -> Boolean",
      "src/Interpreter.mad#step": "String -> String -> Machine a b -> Maybe (State a b)",
      "focus": "CTransition a b -> String",
      "src/Transition.mad#checkGuard": "String -> a -> Maybe b -> CTransition a b -> Boolean",
      "src/Transition.mad#reducers": "CTransition a b -> List (ActionReducer a b)",
      "src/State.mad#create": "String -> List (CTransition a b) -> State a b",
      "createComplex": "String -> String -> List (Action a b) -> List (Guard a b) -> List (ActionReducer a b) -> CTransition a b",
      "src/Stream.mad#makeMachineStream": "Show a => Controller a b -> #[String -> a -> {}, Stream c String]",
      "src/Interpreter.mad#state": "Controller a b -> Maybe (State a b)",
      "src/State.mad#createFinal": "String -> State a b",
      "src/Machine.mad#hasState": "String -> Machine a b -> Boolean",
      "send": "String -> a -> Controller a b -> Controller a b",
      "findIncomplete": "Machine a b -> Set String",
      "src/Stream.mad#subscribeToMachine": "Stream a b -> (a -> {}) -> (b -> {}) -> { cancel :: {} -> {}, events :: {} -> List (MachineEvent a b) }",
      "src/Guard.mad#create": "Show (Guard a b) => (String -> a -> Maybe b -> Boolean) -> Guard a b",
      "src/Machine.mad#name": "Machine a b -> String",
      "src/Transition.mad#checkMany": "String -> a -> Maybe b -> List (CTransition a b) -> Boolean",
      "invoke": "String -> a -> Maybe b -> Action a b -> {}",
      "src/Interpreter.mad#setContext": "Maybe a -> Controller b a -> Controller b a",
      "subscribeToStreamWithCollectorAndInitial": "Stream a b -> List (MachineEvent a b) -> (MachineEvent a b -> List (MachineEvent a b) -> List (MachineEvent a b)) -> (a -> {}) -> (b -> {}) -> { cancel :: {} -> {}, events :: {} -> List (MachineEvent a b) }",
      "src/Interpreter.mad#safeCreate": "(Show a, Eq a) => Maybe a -> Machine b a -> Controller b a",
      "src/Transition.mad#focus": "CTransition a b -> String",
      "src/Machine.mad#events": "Machine a b -> Set String",
      "subscribeToMachine": "Stream a b -> (a -> {}) -> (b -> {}) -> { cancel :: {} -> {}, events :: {} -> List (MachineEvent a b) }",
      "src/State.mad#transitions": "State a b -> List (CTransition a b)",
      "src/Interpreter.mad#machine": "Controller a b -> Machine a b",
      "state": "Machine a b -> Maybe (State a b)",
      "src/Machine.mad#state": "Machine a b -> Maybe (State a b)",
      "reducers": "CTransition a b -> List (ActionReducer a b)",
      "createFinal": "String -> State a b",
      "src/Interpreter.mad#setState": "Maybe (State a b) -> Controller a b -> Controller a b",
      "src/Interpreter.mad#setMachine": "Machine a b -> Controller a b -> Controller a b",
      "complete": "Machine a b -> Boolean",
      "src/Machine.mad#rawStates": "Machine a b -> List (State a b)",
      "src/State.mad#toPair": "State a b -> #[String, List (CTransition a b)]",
      "context": "Controller a b -> Maybe b",
      "src/Stream.mad#subscribeToStreamWithCollectorAndInitial": "(Show a, Eq a) => Stream b c -> List (MachineEvent b c) -> (MachineEvent b c -> List (MachineEvent b c) -> List (MachineEvent b c)) -> (b -> {}) -> (c -> {}) -> { cancel :: {} -> {}, events :: {} -> List (MachineEvent b c) }",
      "target": "Transition -> String",
      "stateName": "State a b -> String",
      "interpreterState": "Controller a b -> Maybe (State a b)",
      "guards": "CTransition a b -> List (Guard a b)",
      "machine": "Controller a b -> Machine a b",
      "createGuard": "Show (Guard a b) => (String -> a -> Maybe b -> Boolean) -> Guard a b",
      "check": "String -> a -> Maybe b -> Guard a b -> Boolean",
      "transition": "CTransition a b -> Transition",
      "src/Log.mad#tags": "{ event :: Tag, guard :: Tag, interpreter :: Tag, machine :: Tag, main :: Tag, state :: Tag, stream :: Tag, streamEvent :: Tag, transition :: Tag, utter :: Tag }",
      "stateIsFinal": "State a b -> Boolean",
      "src/Transition.mad#name": "CTransition a b -> String",
      "machineIsFinal": "Machine a b -> Boolean",
      "setState": "Maybe (State a b) -> Controller a b -> Controller a b",
      "src/Machine.mad#destinations": "Machine a b -> Set String",
      "src/Machine.mad#isFinal": "Machine a b -> Boolean",
      "src/Interpreter.mad#create": "(Show a, Eq a) => Maybe a -> Machine b a -> Controller b a",
      "createComplexTransition": "String -> String -> List (Action a b) -> List (Guard a b) -> List (ActionReducer a b) -> CTransition a b",
      "step": "String -> String -> Machine a b -> Maybe (State a b)",
      "src/Transition.mad#makeComplex": "Transition -> CTransition a b",
      "stateFromEvent": "Dictionary String (Dictionary String String) -> List (State a b) -> String -> String -> Maybe (State a b)",
      "createInterpreter": "(Eq a, Show a) => Maybe a -> Machine b a -> Controller b a",
      "toSimplePair": "CTransition a b -> #[String, String]",
      "src/Transition.mad#transition": "CTransition a b -> Transition",
      "src/Machine.mad#hasEvent": "String -> Machine a b -> Boolean",
      "nameMatches": "String -> State a b -> Boolean",
      "src/Log.mad#env": "(Show a, Show b, Show c, Show d, Show e, Show f, Show g, Show h, Show i, Show j) => { event :: String -> i -> i, guard :: String -> h -> h, interpreter :: String -> d -> d, machine :: String -> g -> g, main :: String -> a -> a, state :: String -> f -> f, stream :: String -> c -> c, streamEvent :: String -> b -> b, transition :: String -> e -> e, utter :: String -> j -> j }",
      "src/Interpreter.mad#send": "String -> a -> Controller a b -> Controller a b",
      "src/Reducer.mad#reduce": "String -> a -> Maybe b -> ActionReducer a b -> Maybe b",
      "events": "Machine a b -> Set String",
      "src/Guard.mad#check": "String -> a -> Maybe b -> Guard a b -> Boolean",
      "src/Machine.mad#create": "String -> List (State a b) -> Machine a b",
      "rawStates": "Machine a b -> List (State a b)",
      "createBasic": "String -> String -> CTransition a b",
      "event": "Transition -> String",
      "src/Machine.mad#findIncomplete": "Machine a b -> Set String",
      "src/Action.mad#invoke": "String -> a -> Maybe b -> Action a b -> {}",
      "hasState": "String -> Machine a b -> Boolean",
      "createWithContext": "Show (CTransition a b) => String -> String -> List (Action a b) -> List (Guard a b) -> List (ActionReducer a b) -> CTransition a b",
      "transitionName": "CTransition a b -> String",
      "hasEvent": "String -> Machine a b -> Boolean",
      "src/Interpreter.mad#context": "Controller a b -> Maybe b",
      "src/Transition.mad#guards": "CTransition a b -> List (Guard a b)",
      "src/Transition.mad#createComplex": "String -> String -> List (Action a b) -> List (Guard a b) -> List (ActionReducer a b) -> CTransition a b",
      "makeComplex": "Transition -> CTransition a b",
      "destinations": "Machine a b -> Set String",
      "src/Transition.mad#event": "Transition -> String",
      "makeMachineStream": "Show a => Controller a b -> #[String -> a -> {}, Stream c String]",
      "src/Interpreter.mad#noStates": "Machine a b -> Boolean",
      "src/Tuple.mad#mapSnd": "(a -> b) -> #[c, a] -> #[c, b]",
      "checkGuard": "String -> a -> Maybe b -> CTransition a b -> Boolean",
      "fling": "String -> Controller (Maybe a) b -> Controller (Maybe a) b",
      "src/Tuple.mad#mapFst": "(a -> b) -> #[a, c] -> #[b, c]",
      "checkMany": "String -> a -> Maybe b -> List (CTransition a b) -> Boolean",
      "src/Interpreter.mad#applyActionsToContext": "a -> Maybe b -> String -> Maybe (State a b) -> Maybe b",
      "src/Log.mad#tapped": "(Show a, Show b, Show c, Show d, Show e, Show f, Show g, Show h, Show i, Show j) => { event :: String -> (k -> i) -> k -> k, guard :: String -> (l -> h) -> l -> l, interpreter :: String -> (m -> d) -> m -> m, machine :: String -> (n -> g) -> n -> n, main :: String -> (o -> a) -> o -> o, state :: String -> (p -> f) -> p -> p, stream :: String -> (q -> c) -> q -> q, streamEvent :: String -> (r -> b) -> r -> r, transition :: String -> (s -> e) -> s -> s, utter :: String -> (t -> j) -> t -> t }",
      "src/Transition.mad#createWithContext": "Show (CTransition a b) => String -> String -> List (Action a b) -> List (Guard a b) -> List (ActionReducer a b) -> CTransition a b",
      "createState": "String -> List (CTransition a b) -> State a b",
      "createMachine": "String -> List (State a b) -> Machine a b",
      "src/State.mad#nameMatches": "String -> State a b -> Boolean",
      "src/State.mad#name": "State a b -> String",
      "states": "Machine a b -> Set String",
      "safeCreate": "(Eq a, Show a) => Maybe a -> Machine b a -> Controller b a",
      "src/Interpreter.mad#stateFromEvent": "Dictionary String (Dictionary String String) -> List (State a b) -> String -> String -> Maybe (State a b)",
      "initialControl": "(Show a, Eq a) => Maybe a -> Machine b a -> Controller b a",
      "src/Interpreter.mad#stepWithPayload": "Maybe a -> Machine b a -> Maybe (State b a) -> String -> b -> Maybe (State b a)",
      "src/Transition.mad#createBasic": "String -> String -> CTransition a b",
      "toStatePair": "State a b -> #[String, List (CTransition a b)]",
      "src/Machine.mad#states": "Machine a b -> Set String",
      "setContext": "Maybe a -> Controller b a -> Controller b a",
      "src/Transition.mad#actions": "CTransition a b -> List (Action a b)",
      "actions": "CTransition a b -> List (Action a b)",
      "eventMap": "Machine a b -> Dictionary String (Dictionary String String)"
    },
    "apiTypes": {
      "src/Action.mad#Action pay ctx": [
        "Action (String -> pay -> Maybe ctx -> {})"
      ],
      "src/Interpreter.mad#Controller pay ctx": [
        "InvalidController String (Machine pay ctx) (Set String)",
        "Controller (Maybe ctx) (Machine pay ctx) (Stateish pay ctx) (Maybe ctx -> Machine pay ctx -> Stateish pay ctx -> String -> pay -> Stateish pay ctx)"
      ],
      "src/Stream.mad#MachineEvent b g": [
        "MachineEvent g",
        "MachineError b",
        "MachineEnd"
      ],
      "src/Guard.mad#Guard pay ctx": [
        "Guard (String -> pay -> Maybe ctx -> Boolean)"
      ],
      "src/Machine.mad#Machine pay ctx": [
        "Machine String (List (State pay ctx)) (Maybe (State pay ctx))"
      ],
      "src/Transition.mad#Transition": [
        "Transition String String"
      ],
      "src/Transition.mad#CTransition pay ctx": [
        "ComplexTransition Transition (List (Action pay ctx)) (List (Guard pay ctx)) (List (ActionReducer pay ctx))"
      ],
      "src/State.mad#State pay ctx": [
        "State String (List (CTransition pay ctx))",
        "FinalState String"
      ],
      "src/Reducer.mad#ActionReducer pay ctx": [
        "ActionReducer (String -> pay -> Maybe ctx -> Maybe ctx)"
      ]
    }
  },
  "versionHash": "25e64aa754c310d45c1e084d574c1bb0"
}
